// !$*UTF8*$!
{
	archiveVersion = 1;
	classes = {
	};
	objectVersion = 46;
	objects = {

/* Begin PBXBuildFile section */
		1615FED72111FB4F00FB990C /* View_ConstantFlow.swift in Sources */ = {isa = PBXBuildFile; fileRef = 1615FED62111FB4F00FB990C /* View_ConstantFlow.swift */; };
		1615FED92112046000FB990C /* View_MultipleRates.swift in Sources */ = {isa = PBXBuildFile; fileRef = 1615FED82112046000FB990C /* View_MultipleRates.swift */; };
		162247352138A36A0097D7E6 /* downArrow.png in Resources */ = {isa = PBXBuildFile; fileRef = 162247342138A36A0097D7E6 /* downArrow.png */; };
		1624162E2111148A00A96EEF /* View_PeriodicFlow.swift in Sources */ = {isa = PBXBuildFile; fileRef = 1624162D2111148A00A96EEF /* View_PeriodicFlow.swift */; };
		162579D1211E142700B1CC40 /* Flowonix_WHITE.JPG in Resources */ = {isa = PBXBuildFile; fileRef = 162579D0211E142700B1CC40 /* Flowonix_WHITE.JPG */; };
		162579D5211E19C000B1CC40 /* Flowonix_Light.png in Resources */ = {isa = PBXBuildFile; fileRef = 162579D4211E19C000B1CC40 /* Flowonix_Light.png */; };
		162579D7211E1CD700B1CC40 /* Swoosh.jpg in Resources */ = {isa = PBXBuildFile; fileRef = 162579D6211E1CD700B1CC40 /* Swoosh.jpg */; };
		162579D9211E1E8100B1CC40 /* View_EntryPage.swift in Sources */ = {isa = PBXBuildFile; fileRef = 162579D8211E1E8100B1CC40 /* View_EntryPage.swift */; };
		162579DB211E250100B1CC40 /* homeIcon.png in Resources */ = {isa = PBXBuildFile; fileRef = 162579DA211E250100B1CC40 /* homeIcon.png */; };
		162579DD211E292E00B1CC40 /* View_HomePage.swift in Sources */ = {isa = PBXBuildFile; fileRef = 162579DC211E292E00B1CC40 /* View_HomePage.swift */; };
		163DE9A1212DDD2D00E8EFF6 /* ToolbarPicker.swift in Sources */ = {isa = PBXBuildFile; fileRef = 163DE9A0212DDD2D00E8EFF6 /* ToolbarPicker.swift */; };
		163DE9A3212DFBA600E8EFF6 /* View_CompareFlow.swift in Sources */ = {isa = PBXBuildFile; fileRef = 163DE9A2212DFBA600E8EFF6 /* View_CompareFlow.swift */; };
		16414DA0215A82B10020173B /* Pump.pdf in Resources */ = {isa = PBXBuildFile; fileRef = 16414D9F215A82B10020173B /* Pump.pdf */; };
		1646C4CF21139038006BA75E /* aspectGraph.png in Resources */ = {isa = PBXBuildFile; fileRef = 1646C4CD21139038006BA75E /* aspectGraph.png */; };
		165696E22114EB1A00E54421 /* upArrow.png in Resources */ = {isa = PBXBuildFile; fileRef = 165696E12114EB1A00E54421 /* upArrow.png */; };
		165696E42114F0D300E54421 /* warningIcon.png in Resources */ = {isa = PBXBuildFile; fileRef = 165696E32114F0D300E54421 /* warningIcon.png */; };
		168945232128C89B00190D6B /* FlowLogoWhite.png in Resources */ = {isa = PBXBuildFile; fileRef = 168945222128C89B00190D6B /* FlowLogoWhite.png */; };
		16899B2321405C1700BB9A5F /* View_MatchMyTrial.swift in Sources */ = {isa = PBXBuildFile; fileRef = 16899B2221405C1700BB9A5F /* View_MatchMyTrial.swift */; };
		16B435792136273F00866809 /* NKKeyboardButton.swift in Sources */ = {isa = PBXBuildFile; fileRef = 16B435772136273F00866809 /* NKKeyboardButton.swift */; };
		16B4357A2136273F00866809 /* NKInputView.swift in Sources */ = {isa = PBXBuildFile; fileRef = 16B435782136273F00866809 /* NKInputView.swift */; };
		16B4357C2136275900866809 /* NumericKeyboard.xib in Resources */ = {isa = PBXBuildFile; fileRef = 16B4357B2136275900866809 /* NumericKeyboard.xib */; };
		16B4357E2136278400866809 /* NumericKeyboard.xcassets in Resources */ = {isa = PBXBuildFile; fileRef = 16B4357D2136278400866809 /* NumericKeyboard.xcassets */; };
		16BC09F0212C45D8000493CB /* Flowonix_BLACK.JPG in Resources */ = {isa = PBXBuildFile; fileRef = 16BC09EF212C45D8000493CB /* Flowonix_BLACK.JPG */; };
		16D794A821235D980016EB56 /* MaxLengthTextField.swift in Sources */ = {isa = PBXBuildFile; fileRef = 16D794A721235D980016EB56 /* MaxLengthTextField.swift */; };
		16D794AA21235DCD0016EB56 /* AllowedCharsTextField.swift in Sources */ = {isa = PBXBuildFile; fileRef = 16D794A921235DCD0016EB56 /* AllowedCharsTextField.swift */; };
		16F5F2F4212B6D3A00B10E99 /* EntryPageBackground.png in Resources */ = {isa = PBXBuildFile; fileRef = 16F5F2F3212B6D3A00B10E99 /* EntryPageBackground.png */; };
		16FB4CA4210F612F0039FC37 /* AppDelegate.swift in Sources */ = {isa = PBXBuildFile; fileRef = 16FB4CA3210F612F0039FC37 /* AppDelegate.swift */; };
		16FB4CA6210F612F0039FC37 /* ViewController.swift in Sources */ = {isa = PBXBuildFile; fileRef = 16FB4CA5210F612F0039FC37 /* ViewController.swift */; };
		16FB4CA9210F612F0039FC37 /* Main.storyboard in Resources */ = {isa = PBXBuildFile; fileRef = 16FB4CA7210F612F0039FC37 /* Main.storyboard */; };
		16FB4CAB210F612F0039FC37 /* Assets.xcassets in Resources */ = {isa = PBXBuildFile; fileRef = 16FB4CAA210F612F0039FC37 /* Assets.xcassets */; };
		16FB4CAE210F612F0039FC37 /* LaunchScreen.storyboard in Resources */ = {isa = PBXBuildFile; fileRef = 16FB4CAC210F612F0039FC37 /* LaunchScreen.storyboard */; };
		16FB4CB9210F612F0039FC37 /* IntrathecalTherapyOptimizationTests.swift in Sources */ = {isa = PBXBuildFile; fileRef = 16FB4CB8210F612F0039FC37 /* IntrathecalTherapyOptimizationTests.swift */; };
/* End PBXBuildFile section */

/* Begin PBXContainerItemProxy section */
		16FB4CB5210F612F0039FC37 /* PBXContainerItemProxy */ = {
			isa = PBXContainerItemProxy;
			containerPortal = 16FB4C98210F612F0039FC37 /* Project object */;
			proxyType = 1;
			remoteGlobalIDString = 16FB4C9F210F612F0039FC37;
			remoteInfo = IntrathecalTherapyOptimization;
		};
/* End PBXContainerItemProxy section */

/* Begin PBXFileReference section */
		1615FED62111FB4F00FB990C /* View_ConstantFlow.swift */ = {isa = PBXFileReference; fileEncoding = 4; lastKnownFileType = sourcecode.swift; path = View_ConstantFlow.swift; sourceTree = "<group>"; };
		1615FED82112046000FB990C /* View_MultipleRates.swift */ = {isa = PBXFileReference; fileEncoding = 4; lastKnownFileType = sourcecode.swift; path = View_MultipleRates.swift; sourceTree = "<group>"; };
		162247342138A36A0097D7E6 /* downArrow.png */ = {isa = PBXFileReference; lastKnownFileType = image.png; path = downArrow.png; sourceTree = "<group>"; };
		1624162D2111148A00A96EEF /* View_PeriodicFlow.swift */ = {isa = PBXFileReference; fileEncoding = 4; lastKnownFileType = sourcecode.swift; path = View_PeriodicFlow.swift; sourceTree = "<group>"; };
		162579D0211E142700B1CC40 /* Flowonix_WHITE.JPG */ = {isa = PBXFileReference; lastKnownFileType = image.jpeg; path = Flowonix_WHITE.JPG; sourceTree = "<group>"; };
		162579D4211E19C000B1CC40 /* Flowonix_Light.png */ = {isa = PBXFileReference; lastKnownFileType = image.png; path = Flowonix_Light.png; sourceTree = "<group>"; };
		162579D6211E1CD700B1CC40 /* Swoosh.jpg */ = {isa = PBXFileReference; lastKnownFileType = image.jpeg; path = Swoosh.jpg; sourceTree = "<group>"; };
		162579D8211E1E8100B1CC40 /* View_EntryPage.swift */ = {isa = PBXFileReference; fileEncoding = 4; lastKnownFileType = sourcecode.swift; path = View_EntryPage.swift; sourceTree = "<group>"; };
		162579DA211E250100B1CC40 /* homeIcon.png */ = {isa = PBXFileReference; lastKnownFileType = image.png; path = homeIcon.png; sourceTree = "<group>"; };
		162579DC211E292E00B1CC40 /* View_HomePage.swift */ = {isa = PBXFileReference; fileEncoding = 4; lastKnownFileType = sourcecode.swift; path = View_HomePage.swift; sourceTree = "<group>"; };
		163DE9A0212DDD2D00E8EFF6 /* ToolbarPicker.swift */ = {isa = PBXFileReference; fileEncoding = 4; lastKnownFileType = sourcecode.swift; path = ToolbarPicker.swift; sourceTree = "<group>"; };
		163DE9A2212DFBA600E8EFF6 /* View_CompareFlow.swift */ = {isa = PBXFileReference; fileEncoding = 4; lastKnownFileType = sourcecode.swift; path = View_CompareFlow.swift; sourceTree = "<group>"; };
		16414D9F215A82B10020173B /* Pump.pdf */ = {isa = PBXFileReference; lastKnownFileType = image.pdf; path = Pump.pdf; sourceTree = "<group>"; };
		1646C4CD21139038006BA75E /* aspectGraph.png */ = {isa = PBXFileReference; lastKnownFileType = image.png; path = aspectGraph.png; sourceTree = "<group>"; };
		165696E12114EB1A00E54421 /* upArrow.png */ = {isa = PBXFileReference; lastKnownFileType = image.png; path = upArrow.png; sourceTree = "<group>"; };
		165696E32114F0D300E54421 /* warningIcon.png */ = {isa = PBXFileReference; lastKnownFileType = image.png; path = warningIcon.png; sourceTree = "<group>"; };
		168945222128C89B00190D6B /* FlowLogoWhite.png */ = {isa = PBXFileReference; lastKnownFileType = image.png; path = FlowLogoWhite.png; sourceTree = "<group>"; };
		16899B2221405C1700BB9A5F /* View_MatchMyTrial.swift */ = {isa = PBXFileReference; fileEncoding = 4; lastKnownFileType = sourcecode.swift; path = View_MatchMyTrial.swift; sourceTree = "<group>"; };
		16974D342130942C0018988E /* NumericKeyboard.framework */ = {isa = PBXFileReference; lastKnownFileType = wrapper.framework; name = NumericKeyboard.framework; path = "../../Library/Developer/Xcode/DerivedData/IntrathecalTherapyOptimization-aqzpzddbgabeoqgpjfhwlbuefyas/Build/Products/Debug-iphonesimulator/NumericKeyboard/NumericKeyboard.framework"; sourceTree = "<group>"; };
		16B435772136273F00866809 /* NKKeyboardButton.swift */ = {isa = PBXFileReference; fileEncoding = 4; lastKnownFileType = sourcecode.swift; path = NKKeyboardButton.swift; sourceTree = "<group>"; };
		16B435782136273F00866809 /* NKInputView.swift */ = {isa = PBXFileReference; fileEncoding = 4; lastKnownFileType = sourcecode.swift; path = NKInputView.swift; sourceTree = "<group>"; };
		16B4357B2136275900866809 /* NumericKeyboard.xib */ = {isa = PBXFileReference; fileEncoding = 4; lastKnownFileType = file.xib; path = NumericKeyboard.xib; sourceTree = "<group>"; };
		16B4357D2136278400866809 /* NumericKeyboard.xcassets */ = {isa = PBXFileReference; lastKnownFileType = folder.assetcatalog; name = NumericKeyboard.xcassets; path = "../../../Downloads/NumericKeyboard-master 2/NumericKeyboard/Assets/NumericKeyboard.xcassets"; sourceTree = "<group>"; };
		16BC09EF212C45D8000493CB /* Flowonix_BLACK.JPG */ = {isa = PBXFileReference; lastKnownFileType = image.jpeg; path = Flowonix_BLACK.JPG; sourceTree = "<group>"; };
		16D794A721235D980016EB56 /* MaxLengthTextField.swift */ = {isa = PBXFileReference; fileEncoding = 4; lastKnownFileType = sourcecode.swift; path = MaxLengthTextField.swift; sourceTree = "<group>"; };
		16D794A921235DCD0016EB56 /* AllowedCharsTextField.swift */ = {isa = PBXFileReference; fileEncoding = 4; lastKnownFileType = sourcecode.swift; path = AllowedCharsTextField.swift; sourceTree = "<group>"; };
		16F5F2F3212B6D3A00B10E99 /* EntryPageBackground.png */ = {isa = PBXFileReference; lastKnownFileType = image.png; path = EntryPageBackground.png; sourceTree = "<group>"; };
		16FB4CA0210F612F0039FC37 /* IntrathecalTherapyOptimization.app */ = {isa = PBXFileReference; explicitFileType = wrapper.application; includeInIndex = 0; path = IntrathecalTherapyOptimization.app; sourceTree = BUILT_PRODUCTS_DIR; };
		16FB4CA3210F612F0039FC37 /* AppDelegate.swift */ = {isa = PBXFileReference; lastKnownFileType = sourcecode.swift; path = AppDelegate.swift; sourceTree = "<group>"; };
		16FB4CA5210F612F0039FC37 /* ViewController.swift */ = {isa = PBXFileReference; lastKnownFileType = sourcecode.swift; path = ViewController.swift; sourceTree = "<group>"; };
		16FB4CA8210F612F0039FC37 /* Base */ = {isa = PBXFileReference; lastKnownFileType = file.storyboard; name = Base; path = Base.lproj/Main.storyboard; sourceTree = "<group>"; };
		16FB4CAA210F612F0039FC37 /* Assets.xcassets */ = {isa = PBXFileReference; lastKnownFileType = folder.assetcatalog; path = Assets.xcassets; sourceTree = "<group>"; };
		16FB4CAD210F612F0039FC37 /* Base */ = {isa = PBXFileReference; lastKnownFileType = file.storyboard; name = Base; path = Base.lproj/LaunchScreen.storyboard; sourceTree = "<group>"; };
		16FB4CAF210F612F0039FC37 /* Info.plist */ = {isa = PBXFileReference; lastKnownFileType = text.plist.xml; path = Info.plist; sourceTree = "<group>"; };
		16FB4CB4210F612F0039FC37 /* IntrathecalTherapyOptimizationTests.xctest */ = {isa = PBXFileReference; explicitFileType = wrapper.cfbundle; includeInIndex = 0; path = IntrathecalTherapyOptimizationTests.xctest; sourceTree = BUILT_PRODUCTS_DIR; };
		16FB4CB8210F612F0039FC37 /* IntrathecalTherapyOptimizationTests.swift */ = {isa = PBXFileReference; lastKnownFileType = sourcecode.swift; path = IntrathecalTherapyOptimizationTests.swift; sourceTree = "<group>"; };
		16FB4CBA210F612F0039FC37 /* Info.plist */ = {isa = PBXFileReference; lastKnownFileType = text.plist.xml; path = Info.plist; sourceTree = "<group>"; };
/* End PBXFileReference section */

/* Begin PBXFrameworksBuildPhase section */
		16FB4C9D210F612F0039FC37 /* Frameworks */ = {
			isa = PBXFrameworksBuildPhase;
			buildActionMask = 2147483647;
			files = (
			);
			runOnlyForDeploymentPostprocessing = 0;
		};
		16FB4CB1210F612F0039FC37 /* Frameworks */ = {
			isa = PBXFrameworksBuildPhase;
			buildActionMask = 2147483647;
			files = (
			);
			runOnlyForDeploymentPostprocessing = 0;
		};
/* End PBXFrameworksBuildPhase section */

/* Begin PBXGroup section */
		16FB4C97210F612F0039FC37 = {
			isa = PBXGroup;
			children = (
				16FB4CA2210F612F0039FC37 /* IntrathecalTherapyOptimization */,
				16FB4CB7210F612F0039FC37 /* IntrathecalTherapyOptimizationTests */,
				16FB4CA1210F612F0039FC37 /* Products */,
				B23E9A5A63BFA9298CD23C95 /* Frameworks */,
			);
			sourceTree = "<group>";
		};
		16FB4CA1210F612F0039FC37 /* Products */ = {
			isa = PBXGroup;
			children = (
				16FB4CA0210F612F0039FC37 /* IntrathecalTherapyOptimization.app */,
				16FB4CB4210F612F0039FC37 /* IntrathecalTherapyOptimizationTests.xctest */,
			);
			name = Products;
			sourceTree = "<group>";
		};
		16FB4CA2210F612F0039FC37 /* IntrathecalTherapyOptimization */ = {
			isa = PBXGroup;
			children = (
				16414D9F215A82B10020173B /* Pump.pdf */,
				162247342138A36A0097D7E6 /* downArrow.png */,
				16B4357B2136275900866809 /* NumericKeyboard.xib */,
				16B435772136273F00866809 /* NKKeyboardButton.swift */,
				16B435782136273F00866809 /* NKInputView.swift */,
				16BC09EF212C45D8000493CB /* Flowonix_BLACK.JPG */,
				16F5F2F3212B6D3A00B10E99 /* EntryPageBackground.png */,
				168945222128C89B00190D6B /* FlowLogoWhite.png */,
				162579DA211E250100B1CC40 /* homeIcon.png */,
				162579D6211E1CD700B1CC40 /* Swoosh.jpg */,
				162579D4211E19C000B1CC40 /* Flowonix_Light.png */,
				162579D0211E142700B1CC40 /* Flowonix_WHITE.JPG */,
				165696E32114F0D300E54421 /* warningIcon.png */,
				165696E12114EB1A00E54421 /* upArrow.png */,
				1646C4CD21139038006BA75E /* aspectGraph.png */,
				16FB4CA3210F612F0039FC37 /* AppDelegate.swift */,
				16FB4CA5210F612F0039FC37 /* ViewController.swift */,
				16FB4CA7210F612F0039FC37 /* Main.storyboard */,
				16FB4CAA210F612F0039FC37 /* Assets.xcassets */,
				16B4357D2136278400866809 /* NumericKeyboard.xcassets */,
				16FB4CAC210F612F0039FC37 /* LaunchScreen.storyboard */,
				16FB4CAF210F612F0039FC37 /* Info.plist */,
				1615FED62111FB4F00FB990C /* View_ConstantFlow.swift */,
				1624162D2111148A00A96EEF /* View_PeriodicFlow.swift */,
				1615FED82112046000FB990C /* View_MultipleRates.swift */,
				162579D8211E1E8100B1CC40 /* View_EntryPage.swift */,
				162579DC211E292E00B1CC40 /* View_HomePage.swift */,
				16D794A721235D980016EB56 /* MaxLengthTextField.swift */,
				16D794A921235DCD0016EB56 /* AllowedCharsTextField.swift */,
				163DE9A0212DDD2D00E8EFF6 /* ToolbarPicker.swift */,
				163DE9A2212DFBA600E8EFF6 /* View_CompareFlow.swift */,
				16899B2221405C1700BB9A5F /* View_MatchMyTrial.swift */,
			);
			path = IntrathecalTherapyOptimization;
			sourceTree = "<group>";
		};
		16FB4CB7210F612F0039FC37 /* IntrathecalTherapyOptimizationTests */ = {
			isa = PBXGroup;
			children = (
				16FB4CB8210F612F0039FC37 /* IntrathecalTherapyOptimizationTests.swift */,
				16FB4CBA210F612F0039FC37 /* Info.plist */,
			);
			path = IntrathecalTherapyOptimizationTests;
			sourceTree = "<group>";
		};
		B23E9A5A63BFA9298CD23C95 /* Frameworks */ = {
			isa = PBXGroup;
			children = (
				16974D342130942C0018988E /* NumericKeyboard.framework */,
			);
			name = Frameworks;
			sourceTree = "<group>";
		};
/* End PBXGroup section */

/* Begin PBXNativeTarget section */
		16FB4C9F210F612F0039FC37 /* IntrathecalTherapyOptimization */ = {
			isa = PBXNativeTarget;
			buildConfigurationList = 16FB4CBD210F612F0039FC37 /* Build configuration list for PBXNativeTarget "IntrathecalTherapyOptimization" */;
			buildPhases = (
				16FB4C9C210F612F0039FC37 /* Sources */,
				16FB4C9D210F612F0039FC37 /* Frameworks */,
				16FB4C9E210F612F0039FC37 /* Resources */,
			);
			buildRules = (
			);
			dependencies = (
			);
			name = IntrathecalTherapyOptimization;
			productName = IntrathecalTherapyOptimization;
			productReference = 16FB4CA0210F612F0039FC37 /* IntrathecalTherapyOptimization.app */;
			productType = "com.apple.product-type.application";
		};
		16FB4CB3210F612F0039FC37 /* IntrathecalTherapyOptimizationTests */ = {
			isa = PBXNativeTarget;
			buildConfigurationList = 16FB4CC0210F612F0039FC37 /* Build configuration list for PBXNativeTarget "IntrathecalTherapyOptimizationTests" */;
			buildPhases = (
				16FB4CB0210F612F0039FC37 /* Sources */,
				16FB4CB1210F612F0039FC37 /* Frameworks */,
				16FB4CB2210F612F0039FC37 /* Resources */,
			);
			buildRules = (
			);
			dependencies = (
				16FB4CB6210F612F0039FC37 /* PBXTargetDependency */,
			);
			name = IntrathecalTherapyOptimizationTests;
			productName = IntrathecalTherapyOptimizationTests;
			productReference = 16FB4CB4210F612F0039FC37 /* IntrathecalTherapyOptimizationTests.xctest */;
			productType = "com.apple.product-type.bundle.unit-test";
		};
/* End PBXNativeTarget section */

/* Begin PBXProject section */
		16FB4C98210F612F0039FC37 /* Project object */ = {
			isa = PBXProject;
			attributes = {
				LastSwiftUpdateCheck = 0830;
				LastUpgradeCheck = 0830;
				ORGANIZATIONNAME = RedRoosterDevelopment;
				TargetAttributes = {
					16FB4C9F210F612F0039FC37 = {
						CreatedOnToolsVersion = 8.3.3;
						ProvisioningStyle = Automatic;
					};
					16FB4CB3210F612F0039FC37 = {
						CreatedOnToolsVersion = 8.3.3;
						ProvisioningStyle = Automatic;
						TestTargetID = 16FB4C9F210F612F0039FC37;
					};
				};
			};
			buildConfigurationList = 16FB4C9B210F612F0039FC37 /* Build configuration list for PBXProject "IntrathecalTherapyOptimization" */;
			compatibilityVersion = "Xcode 3.2";
			developmentRegion = English;
			hasScannedForEncodings = 0;
			knownRegions = (
				en,
				Base,
			);
			mainGroup = 16FB4C97210F612F0039FC37;
			productRefGroup = 16FB4CA1210F612F0039FC37 /* Products */;
			projectDirPath = "";
			projectRoot = "";
			targets = (
				16FB4C9F210F612F0039FC37 /* IntrathecalTherapyOptimization */,
				16FB4CB3210F612F0039FC37 /* IntrathecalTherapyOptimizationTests */,
			);
		};
/* End PBXProject section */

/* Begin PBXResourcesBuildPhase section */
		16FB4C9E210F612F0039FC37 /* Resources */ = {
			isa = PBXResourcesBuildPhase;
			buildActionMask = 2147483647;
			files = (
				1646C4CF21139038006BA75E /* aspectGraph.png in Resources */,
				165696E42114F0D300E54421 /* warningIcon.png in Resources */,
				16F5F2F4212B6D3A00B10E99 /* EntryPageBackground.png in Resources */,
				162247352138A36A0097D7E6 /* downArrow.png in Resources */,
				16B4357C2136275900866809 /* NumericKeyboard.xib in Resources */,
				16FB4CAE210F612F0039FC37 /* LaunchScreen.storyboard in Resources */,
				16FB4CAB210F612F0039FC37 /* Assets.xcassets in Resources */,
				165696E22114EB1A00E54421 /* upArrow.png in Resources */,
				16B4357E2136278400866809 /* NumericKeyboard.xcassets in Resources */,
				168945232128C89B00190D6B /* FlowLogoWhite.png in Resources */,
				162579DB211E250100B1CC40 /* homeIcon.png in Resources */,
				16FB4CA9210F612F0039FC37 /* Main.storyboard in Resources */,
				162579D1211E142700B1CC40 /* Flowonix_WHITE.JPG in Resources */,
				16BC09F0212C45D8000493CB /* Flowonix_BLACK.JPG in Resources */,
				162579D7211E1CD700B1CC40 /* Swoosh.jpg in Resources */,
				16414DA0215A82B10020173B /* Pump.pdf in Resources */,
				162579D5211E19C000B1CC40 /* Flowonix_Light.png in Resources */,
			);
			runOnlyForDeploymentPostprocessing = 0;
		};
		16FB4CB2210F612F0039FC37 /* Resources */ = {
			isa = PBXResourcesBuildPhase;
			buildActionMask = 2147483647;
			files = (
			);
			runOnlyForDeploymentPostprocessing = 0;
		};
/* End PBXResourcesBuildPhase section */

/* Begin PBXSourcesBuildPhase section */
		16FB4C9C210F612F0039FC37 /* Sources */ = {
			isa = PBXSourcesBuildPhase;
			buildActionMask = 2147483647;
			files = (
				16FB4CA6210F612F0039FC37 /* ViewController.swift in Sources */,
				162579D9211E1E8100B1CC40 /* View_EntryPage.swift in Sources */,
				1615FED72111FB4F00FB990C /* View_ConstantFlow.swift in Sources */,
				16D794A821235D980016EB56 /* MaxLengthTextField.swift in Sources */,
				16FB4CA4210F612F0039FC37 /* AppDelegate.swift in Sources */,
				1615FED92112046000FB990C /* View_MultipleRates.swift in Sources */,
				16D794AA21235DCD0016EB56 /* AllowedCharsTextField.swift in Sources */,
				16899B2321405C1700BB9A5F /* View_MatchMyTrial.swift in Sources */,
				16B4357A2136273F00866809 /* NKInputView.swift in Sources */,
				16B435792136273F00866809 /* NKKeyboardButton.swift in Sources */,
				163DE9A3212DFBA600E8EFF6 /* View_CompareFlow.swift in Sources */,
				162579DD211E292E00B1CC40 /* View_HomePage.swift in Sources */,
				1624162E2111148A00A96EEF /* View_PeriodicFlow.swift in Sources */,
				163DE9A1212DDD2D00E8EFF6 /* ToolbarPicker.swift in Sources */,
			);
			runOnlyForDeploymentPostprocessing = 0;
		};
		16FB4CB0210F612F0039FC37 /* Sources */ = {
			isa = PBXSourcesBuildPhase;
			buildActionMask = 2147483647;
			files = (
				16FB4CB9210F612F0039FC37 /* IntrathecalTherapyOptimizationTests.swift in Sources */,
			);
			runOnlyForDeploymentPostprocessing = 0;
		};
/* End PBXSourcesBuildPhase section */

/* Begin PBXTargetDependency section */
		16FB4CB6210F612F0039FC37 /* PBXTargetDependency */ = {
			isa = PBXTargetDependency;
			target = 16FB4C9F210F612F0039FC37 /* IntrathecalTherapyOptimization */;
			targetProxy = 16FB4CB5210F612F0039FC37 /* PBXContainerItemProxy */;
		};
/* End PBXTargetDependency section */

/* Begin PBXVariantGroup section */
		16FB4CA7210F612F0039FC37 /* Main.storyboard */ = {
			isa = PBXVariantGroup;
			children = (
				16FB4CA8210F612F0039FC37 /* Base */,
			);
			name = Main.storyboard;
			sourceTree = "<group>";
		};
		16FB4CAC210F612F0039FC37 /* LaunchScreen.storyboard */ = {
			isa = PBXVariantGroup;
			children = (
				16FB4CAD210F612F0039FC37 /* Base */,
			);
			name = LaunchScreen.storyboard;
			sourceTree = "<group>";
		};
/* End PBXVariantGroup section */

/* Begin XCBuildConfiguration section */
		16FB4CBB210F612F0039FC37 /* Debug */ = {
			isa = XCBuildConfiguration;
			buildSettings = {
				ALWAYS_SEARCH_USER_PATHS = NO;
				CLANG_ANALYZER_NONNULL = YES;
				CLANG_ANALYZER_NUMBER_OBJECT_CONVERSION = YES_AGGRESSIVE;
				CLANG_CXX_LANGUAGE_STANDARD = "gnu++0x";
				CLANG_CXX_LIBRARY = "libc++";
				CLANG_ENABLE_MODULES = YES;
				CLANG_ENABLE_OBJC_ARC = YES;
				CLANG_WARN_BOOL_CONVERSION = YES;
				CLANG_WARN_CONSTANT_CONVERSION = YES;
				CLANG_WARN_DIRECT_OBJC_ISA_USAGE = YES_ERROR;
				CLANG_WARN_DOCUMENTATION_COMMENTS = YES;
				CLANG_WARN_EMPTY_BODY = YES;
				CLANG_WARN_ENUM_CONVERSION = YES;
				CLANG_WARN_INFINITE_RECURSION = YES;
				CLANG_WARN_INT_CONVERSION = YES;
				CLANG_WARN_OBJC_ROOT_CLASS = YES_ERROR;
				CLANG_WARN_SUSPICIOUS_MOVE = YES;
				CLANG_WARN_UNREACHABLE_CODE = YES;
				CLANG_WARN__DUPLICATE_METHOD_MATCH = YES;
				"CODE_SIGN_IDENTITY[sdk=iphoneos*]" = "iPhone Developer";
				COPY_PHASE_STRIP = NO;
				DEBUG_INFORMATION_FORMAT = dwarf;
				ENABLE_STRICT_OBJC_MSGSEND = YES;
				ENABLE_TESTABILITY = YES;
				GCC_C_LANGUAGE_STANDARD = gnu99;
				GCC_DYNAMIC_NO_PIC = NO;
				GCC_NO_COMMON_BLOCKS = YES;
				GCC_OPTIMIZATION_LEVEL = 0;
				GCC_PREPROCESSOR_DEFINITIONS = (
					"DEBUG=1",
					"$(inherited)",
				);
				GCC_WARN_64_TO_32_BIT_CONVERSION = YES;
				GCC_WARN_ABOUT_RETURN_TYPE = YES_ERROR;
				GCC_WARN_UNDECLARED_SELECTOR = YES;
				GCC_WARN_UNINITIALIZED_AUTOS = YES_AGGRESSIVE;
				GCC_WARN_UNUSED_FUNCTION = YES;
				GCC_WARN_UNUSED_VARIABLE = YES;
				IPHONEOS_DEPLOYMENT_TARGET = 10.3;
				MTL_ENABLE_DEBUG_INFO = YES;
				ONLY_ACTIVE_ARCH = YES;
				SDKROOT = iphoneos;
				SWIFT_ACTIVE_COMPILATION_CONDITIONS = DEBUG;
				SWIFT_OPTIMIZATION_LEVEL = "-Onone";
				TARGETED_DEVICE_FAMILY = "1,2";
			};
			name = Debug;
		};
		16FB4CBC210F612F0039FC37 /* Release */ = {
			isa = XCBuildConfiguration;
			buildSettings = {
				ALWAYS_SEARCH_USER_PATHS = NO;
				CLANG_ANALYZER_NONNULL = YES;
				CLANG_ANALYZER_NUMBER_OBJECT_CONVERSION = YES_AGGRESSIVE;
				CLANG_CXX_LANGUAGE_STANDARD = "gnu++0x";
				CLANG_CXX_LIBRARY = "libc++";
				CLANG_ENABLE_MODULES = YES;
				CLANG_ENABLE_OBJC_ARC = YES;
				CLANG_WARN_BOOL_CONVERSION = YES;
				CLANG_WARN_CONSTANT_CONVERSION = YES;
				CLANG_WARN_DIRECT_OBJC_ISA_USAGE = YES_ERROR;
				CLANG_WARN_DOCUMENTATION_COMMENTS = YES;
				CLANG_WARN_EMPTY_BODY = YES;
				CLANG_WARN_ENUM_CONVERSION = YES;
				CLANG_WARN_INFINITE_RECURSION = YES;
				CLANG_WARN_INT_CONVERSION = YES;
				CLANG_WARN_OBJC_ROOT_CLASS = YES_ERROR;
				CLANG_WARN_SUSPICIOUS_MOVE = YES;
				CLANG_WARN_UNREACHABLE_CODE = YES;
				CLANG_WARN__DUPLICATE_METHOD_MATCH = YES;
				"CODE_SIGN_IDENTITY[sdk=iphoneos*]" = "iPhone Developer";
				COPY_PHASE_STRIP = NO;
				DEBUG_INFORMATION_FORMAT = "dwarf-with-dsym";
				ENABLE_NS_ASSERTIONS = NO;
				ENABLE_STRICT_OBJC_MSGSEND = YES;
				GCC_C_LANGUAGE_STANDARD = gnu99;
				GCC_NO_COMMON_BLOCKS = YES;
				GCC_WARN_64_TO_32_BIT_CONVERSION = YES;
				GCC_WARN_ABOUT_RETURN_TYPE = YES_ERROR;
				GCC_WARN_UNDECLARED_SELECTOR = YES;
				GCC_WARN_UNINITIALIZED_AUTOS = YES_AGGRESSIVE;
				GCC_WARN_UNUSED_FUNCTION = YES;
				GCC_WARN_UNUSED_VARIABLE = YES;
				IPHONEOS_DEPLOYMENT_TARGET = 10.3;
				MTL_ENABLE_DEBUG_INFO = NO;
				SDKROOT = iphoneos;
				SWIFT_OPTIMIZATION_LEVEL = "-Owholemodule";
				TARGETED_DEVICE_FAMILY = "1,2";
				VALIDATE_PRODUCT = YES;
			};
			name = Release;
		};
		16FB4CBE210F612F0039FC37 /* Debug */ = {
			isa = XCBuildConfiguration;
			buildSettings = {
				ALWAYS_EMBED_SWIFT_STANDARD_LIBRARIES = "$(inherited)";
				ASSETCATALOG_COMPILER_APPICON_NAME = AppIcon;
				INFOPLIST_FILE = IntrathecalTherapyOptimization/Info.plist;
				IPHONEOS_DEPLOYMENT_TARGET = 10.3;
				LD_RUNPATH_SEARCH_PATHS = "$(inherited) @executable_path/Frameworks";
				PRODUCT_BUNDLE_IDENTIFIER = com.REDRooster.IntrathecalTherapyOptimization;
				PRODUCT_NAME = "$(TARGET_NAME)";
				SWIFT_VERSION = 3.0;
				TARGETED_DEVICE_FAMILY = 2;
			};
			name = Debug;
		};
		16FB4CBF210F612F0039FC37 /* Release */ = {
			isa = XCBuildConfiguration;
			buildSettings = {
				ALWAYS_EMBED_SWIFT_STANDARD_LIBRARIES = "$(inherited)";
				ASSETCATALOG_COMPILER_APPICON_NAME = AppIcon;
				INFOPLIST_FILE = IntrathecalTherapyOptimization/Info.plist;
				IPHONEOS_DEPLOYMENT_TARGET = 10.3;
				LD_RUNPATH_SEARCH_PATHS = "$(inherited) @executable_path/Frameworks";
				PRODUCT_BUNDLE_IDENTIFIER = com.REDRooster.IntrathecalTherapyOptimization;
				PRODUCT_NAME = "$(TARGET_NAME)";
				SWIFT_VERSION = 3.0;
				TARGETED_DEVICE_FAMILY = 2;
			};
			name = Release;
		};
		16FB4CC1210F612F0039FC37 /* Debug */ = {
			isa = XCBuildConfiguration;
			buildSettings = {
				ALWAYS_EMBED_SWIFT_STANDARD_LIBRARIES = YES;
				BUNDLE_LOADER = "$(TEST_HOST)";
				INFOPLIST_FILE = IntrathecalTherapyOptimizationTests/Info.plist;
				LD_RUNPATH_SEARCH_PATHS = "$(inherited) @executable_path/Frameworks @loader_path/Frameworks";
				PRODUCT_BUNDLE_IDENTIFIER = com.REDRooster.IntrathecalTherapyOptimizationTests;
				PRODUCT_NAME = "$(TARGET_NAME)";
				SWIFT_VERSION = 3.0;
				TEST_HOST = "$(BUILT_PRODUCTS_DIR)/IntrathecalTherapyOptimization.app/IntrathecalTherapyOptimization";
			};
			name = Debug;
		};
		16FB4CC2210F612F0039FC37 /* Release */ = {
			isa = XCBuildConfiguration;
			buildSettings = {
				ALWAYS_EMBED_SWIFT_STANDARD_LIBRARIES = YES;
				BUNDLE_LOADER = "$(TEST_HOST)";
				INFOPLIST_FILE = IntrathecalTherapyOptimizationTests/Info.plist;
				LD_RUNPATH_SEARCH_PATHS = "$(inherited) @executable_path/Frameworks @loader_path/Frameworks";
				PRODUCT_BUNDLE_IDENTIFIER = com.REDRooster.IntrathecalTherapyOptimizationTests;
				PRODUCT_NAME = "$(TARGET_NAME)";
				SWIFT_VERSION = 3.0;
				TEST_HOST = "$(BUILT_PRODUCTS_DIR)/IntrathecalTherapyOptimization.app/IntrathecalTherapyOptimization";
			};
			name = Release;
		};
/* End XCBuildConfiguration section */

/* Begin XCConfigurationList section */
		16FB4C9B210F612F0039FC37 /* Build configuration list for PBXProject "IntrathecalTherapyOptimization" */ = {
			isa = XCConfigurationList;
			buildConfigurations = (
				16FB4CBB210F612F0039FC37 /* Debug */,
				16FB4CBC210F612F0039FC37 /* Release */,
			);
			defaultConfigurationIsVisible = 0;
			defaultConfigurationName = Release;
		};
		16FB4CBD210F612F0039FC37 /* Build configuration list for PBXNativeTarget "IntrathecalTherapyOptimization" */ = {
			isa = XCConfigurationList;
			buildConfigurations = (
				16FB4CBE210F612F0039FC37 /* Debug */,
				16FB4CBF210F612F0039FC37 /* Release */,
			);
			defaultConfigurationIsVisible = 0;
			defaultConfigurationName = Release;
		};
		16FB4CC0210F612F0039FC37 /* Build configuration list for PBXNativeTarget "IntrathecalTherapyOptimizationTests" */ = {
			isa = XCConfigurationList;
			buildConfigurations = (
				16FB4CC1210F612F0039FC37 /* Debug */,
				16FB4CC2210F612F0039FC37 /* Release */,
			);
			defaultConfigurationIsVisible = 0;
			defaultConfigurationName = Release;
		};
/* End XCConfigurationList section */
	};
	rootObject = 16FB4C98210F612F0039FC37 /* Project object */;
}
